
Microsoft Visual Studio Solution File, Format Version 12.00
# Visual Studio 15
VisualStudioVersion = 15.0.28307.168
MinimumVisualStudioVersion = 10.0.40219.1
Project("{FAE04EC0-301F-11D3-BF4B-00C04F79EFBC}") = "WebSite", "WebSite\WebSite.csproj", "{2110C62B-5421-4950-9316-4C42D75905B4}"
EndProject
Project("{FAE04EC0-301F-11D3-BF4B-00C04F79EFBC}") = "POCO", "POCO\POCO.csproj", "{83619DCD-0662-4027-A7FA-022331B53285}"
EndProject
Global
	GlobalSection(SolutionConfigurationPlatforms) = preSolution
		Debug|Any CPU = Debug|Any CPU
		Release|Any CPU = Release|Any CPU
	EndGlobalSection
	GlobalSection(ProjectConfigurationPlatforms) = postSolution
		{2110C62B-5421-4950-9316-4C42D75905B4}.Debug|Any CPU.ActiveCfg = Debug|Any CPU
		{2110C62B-5421-4950-9316-4C42D75905B4}.Debug|Any CPU.Build.0 = Debug|Any CPU
		{2110C62B-5421-4950-9316-4C42D75905B4}.Release|Any CPU.ActiveCfg = Release|Any CPU
		{2110C62B-5421-4950-9316-4C42D75905B4}.Release|Any CPU.Build.0 = Release|Any CPU
		{83619DCD-0662-4027-A7FA-022331B53285}.Debug|Any CPU.ActiveCfg = Debug|Any CPU
		{83619DCD-0662-4027-A7FA-022331B53285}.Debug|Any CPU.Build.0 = Debug|Any CPU
		{83619DCD-0662-4027-A7FA-022331B53285}.Release|Any CPU.ActiveCfg = Release|Any CPU
		{83619DCD-0662-4027-A7FA-022331B53285}.Release|Any CPU.Build.0 = Release|Any CPU
	EndGlobalSection
	GlobalSection(SolutionProperties) = preSolution
		HideSolutionNode = FALSE
	EndGlobalSection
	GlobalSection(ExtensibilityGlobals) = postSolution
		SolutionGuid = {0DA649EA-F3CE-4B42-A376-B8D7A6EA759D}
	EndGlobalSection
EndGlobal
